// !$*UTF8*$!
{
	archiveVersion = 1;
	classes = {
	};
	objectVersion = 50;
	objects = {

/* Begin PBXBuildFile section */
		6241CDCE214A6C11000D3992 /* AppDelegate.m in Sources */ = {isa = PBXBuildFile; fileRef = 6241CDCD214A6C11000D3992 /* AppDelegate.m */; };
		6241CDD1214A6C11000D3992 /* ViewController.m in Sources */ = {isa = PBXBuildFile; fileRef = 6241CDD0214A6C11000D3992 /* ViewController.m */; };
		6241CDD4214A6C11000D3992 /* Main.storyboard in Resources */ = {isa = PBXBuildFile; fileRef = 6241CDD2214A6C11000D3992 /* Main.storyboard */; };
		6241CDD6214A6C13000D3992 /* Assets.xcassets in Resources */ = {isa = PBXBuildFile; fileRef = 6241CDD5214A6C13000D3992 /* Assets.xcassets */; };
		6241CDD9214A6C13000D3992 /* LaunchScreen.storyboard in Resources */ = {isa = PBXBuildFile; fileRef = 6241CDD7214A6C13000D3992 /* LaunchScreen.storyboard */; };
		6241CDDC214A6C13000D3992 /* main.m in Sources */ = {isa = PBXBuildFile; fileRef = 6241CDDB214A6C13000D3992 /* main.m */; };
		6241CDE6214A6C13000D3992 /* ZHScrollViewTests.m in Sources */ = {isa = PBXBuildFile; fileRef = 6241CDE5214A6C13000D3992 /* ZHScrollViewTests.m */; };
		6241CDF1214A6C13000D3992 /* ZHScrollViewUITests.m in Sources */ = {isa = PBXBuildFile; fileRef = 6241CDF0214A6C13000D3992 /* ZHScrollViewUITests.m */; };
		6241CE39214A6CBD000D3992 /* FolderTableController.m in Sources */ = {isa = PBXBuildFile; fileRef = 6241CE02214A6CBC000D3992 /* FolderTableController.m */; };
		6241CE3A214A6CBD000D3992 /* FolderItem.m in Sources */ = {isa = PBXBuildFile; fileRef = 6241CE05214A6CBC000D3992 /* FolderItem.m */; };
		6241CE3B214A6CBD000D3992 /* MultiTableLinkFooterView.m in Sources */ = {isa = PBXBuildFile; fileRef = 6241CE07214A6CBC000D3992 /* MultiTableLinkFooterView.m */; };
		6241CE3C214A6CBD000D3992 /* MultiLinkTableView.m in Sources */ = {isa = PBXBuildFile; fileRef = 6241CE08214A6CBC000D3992 /* MultiLinkTableView.m */; };
		6241CE3D214A6CBD000D3992 /* MultiTableLinkController.m in Sources */ = {isa = PBXBuildFile; fileRef = 6241CE0C214A6CBC000D3992 /* MultiTableLinkController.m */; };
		6241CE3E214A6CBD000D3992 /* MultiCollectionCell.m in Sources */ = {isa = PBXBuildFile; fileRef = 6241CE0D214A6CBC000D3992 /* MultiCollectionCell.m */; };
		6241CE3F214A6CBD000D3992 /* ScaleTopImageController.m in Sources */ = {isa = PBXBuildFile; fileRef = 6241CE10214A6CBC000D3992 /* ScaleTopImageController.m */; };
		6241CE40214A6CBD000D3992 /* folder.png in Resources */ = {isa = PBXBuildFile; fileRef = 6241CE11214A6CBC000D3992 /* folder.png */; };
		6241CE41214A6CBD000D3992 /* EditTableController.m in Sources */ = {isa = PBXBuildFile; fileRef = 6241CE14214A6CBC000D3992 /* EditTableController.m */; };
		6241CE42214A6CBD000D3992 /* QT-012-3@3x.png in Resources */ = {isa = PBXBuildFile; fileRef = 6241CE15214A6CBC000D3992 /* QT-012-3@3x.png */; };
		6241CE43214A6CBD000D3992 /* EditBottomView.m in Sources */ = {isa = PBXBuildFile; fileRef = 6241CE16214A6CBC000D3992 /* EditBottomView.m */; };
		6241CE44214A6CBD000D3992 /* EditTableHeaderView.m in Sources */ = {isa = PBXBuildFile; fileRef = 6241CE17214A6CBC000D3992 /* EditTableHeaderView.m */; };
		6241CE45214A6CBD000D3992 /* EditItem.m in Sources */ = {isa = PBXBuildFile; fileRef = 6241CE19214A6CBC000D3992 /* EditItem.m */; };
		6241CE46214A6CBD000D3992 /* QT-012-3@2x.png in Resources */ = {isa = PBXBuildFile; fileRef = 6241CE1A214A6CBC000D3992 /* QT-012-3@2x.png */; };
		6241CE47214A6CBD000D3992 /* QT-012-2@3x.png in Resources */ = {isa = PBXBuildFile; fileRef = 6241CE1D214A6CBC000D3992 /* QT-012-2@3x.png */; };
		6241CE48214A6CBD000D3992 /* QT-012-2@2x.png in Resources */ = {isa = PBXBuildFile; fileRef = 6241CE1F214A6CBC000D3992 /* QT-012-2@2x.png */; };
		6241CE49214A6CBD000D3992 /* EditTableCell.m in Sources */ = {isa = PBXBuildFile; fileRef = 6241CE21214A6CBC000D3992 /* EditTableCell.m */; };
		6241CE4A214A6CBD000D3992 /* phoneCode.json in Resources */ = {isa = PBXBuildFile; fileRef = 6241CE25214A6CBC000D3992 /* phoneCode.json */; };
		6241CE4B214A6CBD000D3992 /* PhoneCodeController.m in Sources */ = {isa = PBXBuildFile; fileRef = 6241CE26214A6CBC000D3992 /* PhoneCodeController.m */; };
		6241CE4C214A6CBD000D3992 /* PhoneModel.m in Sources */ = {isa = PBXBuildFile; fileRef = 6241CE27214A6CBC000D3992 /* PhoneModel.m */; };
		6241CE4D214A6CBD000D3992 /* BaseTableViewController.m in Sources */ = {isa = PBXBuildFile; fileRef = 6241CE29214A6CBC000D3992 /* BaseTableViewController.m */; };
		6241CE4E214A6CBD000D3992 /* BaseCollectionViewController.m in Sources */ = {isa = PBXBuildFile; fileRef = 6241CE2C214A6CBC000D3992 /* BaseCollectionViewController.m */; };
		6241CE4F214A6CBD000D3992 /* DemoCollecitonController.m in Sources */ = {isa = PBXBuildFile; fileRef = 6241CE30214A6CBC000D3992 /* DemoCollecitonController.m */; };
		6241CE50214A6CBD000D3992 /* CarouselCollectionController.m in Sources */ = {isa = PBXBuildFile; fileRef = 6241CE33214A6CBC000D3992 /* CarouselCollectionController.m */; };
		6241CE51214A6CBD000D3992 /* WaterFallController.m in Sources */ = {isa = PBXBuildFile; fileRef = 6241CE36214A6CBC000D3992 /* WaterFallController.m */; };
		6241CE52214A6CBD000D3992 /* WaterFallLayout.m in Sources */ = {isa = PBXBuildFile; fileRef = 6241CE37214A6CBC000D3992 /* WaterFallLayout.m */; };
		62E77CBA214B4C76008B67E2 /* ScaleTranslateController.m in Sources */ = {isa = PBXBuildFile; fileRef = 62E77CB9214B4C75008B67E2 /* ScaleTranslateController.m */; };
		859170DA2186E6C700534B0B /* SettingTableController.m in Sources */ = {isa = PBXBuildFile; fileRef = 859170D92186E6C700534B0B /* SettingTableController.m */; };
		859170DD2186E7C800534B0B /* GroupItem.m in Sources */ = {isa = PBXBuildFile; fileRef = 859170DC2186E7C800534B0B /* GroupItem.m */; };
		859170E02186E7D200534B0B /* RowItem.m in Sources */ = {isa = PBXBuildFile; fileRef = 859170DF2186E7D200534B0B /* RowItem.m */; };
		859170E62186EE2500534B0B /* SettingTableCell.m in Sources */ = {isa = PBXBuildFile; fileRef = 859170E52186EE2500534B0B /* SettingTableCell.m */; };
		859170E92186F3EE00534B0B /* BadgeIconView.m in Sources */ = {isa = PBXBuildFile; fileRef = 859170E82186F3EE00534B0B /* BadgeIconView.m */; };
		859170EC2186F7B200534B0B /* ArrowRowItem.m in Sources */ = {isa = PBXBuildFile; fileRef = 859170EB2186F7B200534B0B /* ArrowRowItem.m */; };
		859170EF2186F7DC00534B0B /* SwitchRowItem.m in Sources */ = {isa = PBXBuildFile; fileRef = 859170EE2186F7DC00534B0B /* SwitchRowItem.m */; };
		859170F52186F95C00534B0B /* SubLabelRowItem.m in Sources */ = {isa = PBXBuildFile; fileRef = 859170F42186F95C00534B0B /* SubLabelRowItem.m */; };
/* End PBXBuildFile section */

/* Begin PBXContainerItemProxy section */
		6241CDE2214A6C13000D3992 /* PBXContainerItemProxy */ = {
			isa = PBXContainerItemProxy;
			containerPortal = 6241CDC1214A6C11000D3992 /* Project object */;
			proxyType = 1;
			remoteGlobalIDString = 6241CDC8214A6C11000D3992;
			remoteInfo = ZHScrollView;
		};
		6241CDED214A6C13000D3992 /* PBXContainerItemProxy */ = {
			isa = PBXContainerItemProxy;
			containerPortal = 6241CDC1214A6C11000D3992 /* Project object */;
			proxyType = 1;
			remoteGlobalIDString = 6241CDC8214A6C11000D3992;
			remoteInfo = ZHScrollView;
		};
/* End PBXContainerItemProxy section */

/* Begin PBXFileReference section */
		6241CDC9214A6C11000D3992 /* ZHScrollView.app */ = {isa = PBXFileReference; explicitFileType = wrapper.application; includeInIndex = 0; path = ZHScrollView.app; sourceTree = BUILT_PRODUCTS_DIR; };
		6241CDCC214A6C11000D3992 /* AppDelegate.h */ = {isa = PBXFileReference; lastKnownFileType = sourcecode.c.h; path = AppDelegate.h; sourceTree = "<group>"; };
		6241CDCD214A6C11000D3992 /* AppDelegate.m */ = {isa = PBXFileReference; lastKnownFileType = sourcecode.c.objc; path = AppDelegate.m; sourceTree = "<group>"; };
		6241CDCF214A6C11000D3992 /* ViewController.h */ = {isa = PBXFileReference; lastKnownFileType = sourcecode.c.h; path = ViewController.h; sourceTree = "<group>"; };
		6241CDD0214A6C11000D3992 /* ViewController.m */ = {isa = PBXFileReference; lastKnownFileType = sourcecode.c.objc; path = ViewController.m; sourceTree = "<group>"; };
		6241CDD3214A6C11000D3992 /* Base */ = {isa = PBXFileReference; lastKnownFileType = file.storyboard; name = Base; path = Base.lproj/Main.storyboard; sourceTree = "<group>"; };
		6241CDD5214A6C13000D3992 /* Assets.xcassets */ = {isa = PBXFileReference; lastKnownFileType = folder.assetcatalog; path = Assets.xcassets; sourceTree = "<group>"; };
		6241CDD8214A6C13000D3992 /* Base */ = {isa = PBXFileReference; lastKnownFileType = file.storyboard; name = Base; path = Base.lproj/LaunchScreen.storyboard; sourceTree = "<group>"; };
		6241CDDA214A6C13000D3992 /* Info.plist */ = {isa = PBXFileReference; lastKnownFileType = text.plist.xml; path = Info.plist; sourceTree = "<group>"; };
		6241CDDB214A6C13000D3992 /* main.m */ = {isa = PBXFileReference; lastKnownFileType = sourcecode.c.objc; path = main.m; sourceTree = "<group>"; };
		6241CDE1214A6C13000D3992 /* ZHScrollViewTests.xctest */ = {isa = PBXFileReference; explicitFileType = wrapper.cfbundle; includeInIndex = 0; path = ZHScrollViewTests.xctest; sourceTree = BUILT_PRODUCTS_DIR; };
		6241CDE5214A6C13000D3992 /* ZHScrollViewTests.m */ = {isa = PBXFileReference; lastKnownFileType = sourcecode.c.objc; path = ZHScrollViewTests.m; sourceTree = "<group>"; };
		6241CDE7214A6C13000D3992 /* Info.plist */ = {isa = PBXFileReference; lastKnownFileType = text.plist.xml; path = Info.plist; sourceTree = "<group>"; };
		6241CDEC214A6C13000D3992 /* ZHScrollViewUITests.xctest */ = {isa = PBXFileReference; explicitFileType = wrapper.cfbundle; includeInIndex = 0; path = ZHScrollViewUITests.xctest; sourceTree = BUILT_PRODUCTS_DIR; };
		6241CDF0214A6C13000D3992 /* ZHScrollViewUITests.m */ = {isa = PBXFileReference; lastKnownFileType = sourcecode.c.objc; path = ZHScrollViewUITests.m; sourceTree = "<group>"; };
		6241CDF2214A6C13000D3992 /* Info.plist */ = {isa = PBXFileReference; lastKnownFileType = text.plist.xml; path = Info.plist; sourceTree = "<group>"; };
		6241CDFE214A6C74000D3992 /* Table小点.m */ = {isa = PBXFileReference; lastKnownFileType = sourcecode.c.objc; path = "Table小点.m"; sourceTree = "<group>"; };
		6241CDFF214A6C74000D3992 /* Collection小点.m */ = {isa = PBXFileReference; lastKnownFileType = sourcecode.c.objc; path = "Collection小点.m"; sourceTree = "<group>"; };
		6241CE02214A6CBC000D3992 /* FolderTableController.m */ = {isa = PBXFileReference; fileEncoding = 4; lastKnownFileType = sourcecode.c.objc; path = FolderTableController.m; sourceTree = "<group>"; };
		6241CE03214A6CBC000D3992 /* FolderItem.h */ = {isa = PBXFileReference; fileEncoding = 4; lastKnownFileType = sourcecode.c.h; path = FolderItem.h; sourceTree = "<group>"; };
		6241CE04214A6CBC000D3992 /* FolderTableController.h */ = {isa = PBXFileReference; fileEncoding = 4; lastKnownFileType = sourcecode.c.h; path = FolderTableController.h; sourceTree = "<group>"; };
		6241CE05214A6CBC000D3992 /* FolderItem.m */ = {isa = PBXFileReference; fileEncoding = 4; lastKnownFileType = sourcecode.c.objc; path = FolderItem.m; sourceTree = "<group>"; };
		6241CE07214A6CBC000D3992 /* MultiTableLinkFooterView.m */ = {isa = PBXFileReference; fileEncoding = 4; lastKnownFileType = sourcecode.c.objc; path = MultiTableLinkFooterView.m; sourceTree = "<group>"; };
		6241CE08214A6CBC000D3992 /* MultiLinkTableView.m */ = {isa = PBXFileReference; fileEncoding = 4; lastKnownFileType = sourcecode.c.objc; path = MultiLinkTableView.m; sourceTree = "<group>"; };
		6241CE09214A6CBC000D3992 /* MultiTableLinkController.h */ = {isa = PBXFileReference; fileEncoding = 4; lastKnownFileType = sourcecode.c.h; path = MultiTableLinkController.h; sourceTree = "<group>"; };
		6241CE0A214A6CBC000D3992 /* MultiCollectionCell.h */ = {isa = PBXFileReference; fileEncoding = 4; lastKnownFileType = sourcecode.c.h; path = MultiCollectionCell.h; sourceTree = "<group>"; };
		6241CE0B214A6CBC000D3992 /* MultiTableLinkFooterView.h */ = {isa = PBXFileReference; fileEncoding = 4; lastKnownFileType = sourcecode.c.h; path = MultiTableLinkFooterView.h; sourceTree = "<group>"; };
		6241CE0C214A6CBC000D3992 /* MultiTableLinkController.m */ = {isa = PBXFileReference; fileEncoding = 4; lastKnownFileType = sourcecode.c.objc; path = MultiTableLinkController.m; sourceTree = "<group>"; };
		6241CE0D214A6CBC000D3992 /* MultiCollectionCell.m */ = {isa = PBXFileReference; fileEncoding = 4; lastKnownFileType = sourcecode.c.objc; path = MultiCollectionCell.m; sourceTree = "<group>"; };
		6241CE0E214A6CBC000D3992 /* MultiLinkTableView.h */ = {isa = PBXFileReference; fileEncoding = 4; lastKnownFileType = sourcecode.c.h; path = MultiLinkTableView.h; sourceTree = "<group>"; };
		6241CE10214A6CBC000D3992 /* ScaleTopImageController.m */ = {isa = PBXFileReference; fileEncoding = 4; lastKnownFileType = sourcecode.c.objc; path = ScaleTopImageController.m; sourceTree = "<group>"; };
		6241CE11214A6CBC000D3992 /* folder.png */ = {isa = PBXFileReference; lastKnownFileType = image.png; path = folder.png; sourceTree = "<group>"; };
		6241CE12214A6CBC000D3992 /* ScaleTopImageController.h */ = {isa = PBXFileReference; fileEncoding = 4; lastKnownFileType = sourcecode.c.h; path = ScaleTopImageController.h; sourceTree = "<group>"; };
		6241CE14214A6CBC000D3992 /* EditTableController.m */ = {isa = PBXFileReference; fileEncoding = 4; lastKnownFileType = sourcecode.c.objc; path = EditTableController.m; sourceTree = "<group>"; };
		6241CE15214A6CBC000D3992 /* QT-012-3@3x.png */ = {isa = PBXFileReference; lastKnownFileType = image.png; path = "QT-012-3@3x.png"; sourceTree = "<group>"; };
		6241CE16214A6CBC000D3992 /* EditBottomView.m */ = {isa = PBXFileReference; fileEncoding = 4; lastKnownFileType = sourcecode.c.objc; path = EditBottomView.m; sourceTree = "<group>"; };
		6241CE17214A6CBC000D3992 /* EditTableHeaderView.m */ = {isa = PBXFileReference; fileEncoding = 4; lastKnownFileType = sourcecode.c.objc; path = EditTableHeaderView.m; sourceTree = "<group>"; };
		6241CE18214A6CBC000D3992 /* EditTableCell.h */ = {isa = PBXFileReference; fileEncoding = 4; lastKnownFileType = sourcecode.c.h; path = EditTableCell.h; sourceTree = "<group>"; };
		6241CE19214A6CBC000D3992 /* EditItem.m */ = {isa = PBXFileReference; fileEncoding = 4; lastKnownFileType = sourcecode.c.objc; path = EditItem.m; sourceTree = "<group>"; };
		6241CE1A214A6CBC000D3992 /* QT-012-3@2x.png */ = {isa = PBXFileReference; lastKnownFileType = image.png; path = "QT-012-3@2x.png"; sourceTree = "<group>"; };
		6241CE1B214A6CBC000D3992 /* EditTableHeaderView.h */ = {isa = PBXFileReference; fileEncoding = 4; lastKnownFileType = sourcecode.c.h; path = EditTableHeaderView.h; sourceTree = "<group>"; };
		6241CE1C214A6CBC000D3992 /* EditBottomView.h */ = {isa = PBXFileReference; fileEncoding = 4; lastKnownFileType = sourcecode.c.h; path = EditBottomView.h; sourceTree = "<group>"; };
		6241CE1D214A6CBC000D3992 /* QT-012-2@3x.png */ = {isa = PBXFileReference; lastKnownFileType = image.png; path = "QT-012-2@3x.png"; sourceTree = "<group>"; };
		6241CE1E214A6CBC000D3992 /* EditTableController.h */ = {isa = PBXFileReference; fileEncoding = 4; lastKnownFileType = sourcecode.c.h; path = EditTableController.h; sourceTree = "<group>"; };
		6241CE1F214A6CBC000D3992 /* QT-012-2@2x.png */ = {isa = PBXFileReference; lastKnownFileType = image.png; path = "QT-012-2@2x.png"; sourceTree = "<group>"; };
		6241CE20214A6CBC000D3992 /* EditItem.h */ = {isa = PBXFileReference; fileEncoding = 4; lastKnownFileType = sourcecode.c.h; path = EditItem.h; sourceTree = "<group>"; };
		6241CE21214A6CBC000D3992 /* EditTableCell.m */ = {isa = PBXFileReference; fileEncoding = 4; lastKnownFileType = sourcecode.c.objc; path = EditTableCell.m; sourceTree = "<group>"; };
		6241CE23214A6CBC000D3992 /* PhoneCodeController.h */ = {isa = PBXFileReference; fileEncoding = 4; lastKnownFileType = sourcecode.c.h; path = PhoneCodeController.h; sourceTree = "<group>"; };
		6241CE24214A6CBC000D3992 /* PhoneModel.h */ = {isa = PBXFileReference; fileEncoding = 4; lastKnownFileType = sourcecode.c.h; path = PhoneModel.h; sourceTree = "<group>"; };
		6241CE25214A6CBC000D3992 /* phoneCode.json */ = {isa = PBXFileReference; fileEncoding = 4; lastKnownFileType = text.json; path = phoneCode.json; sourceTree = "<group>"; };
		6241CE26214A6CBC000D3992 /* PhoneCodeController.m */ = {isa = PBXFileReference; fileEncoding = 4; lastKnownFileType = sourcecode.c.objc; path = PhoneCodeController.m; sourceTree = "<group>"; };
		6241CE27214A6CBC000D3992 /* PhoneModel.m */ = {isa = PBXFileReference; fileEncoding = 4; lastKnownFileType = sourcecode.c.objc; path = PhoneModel.m; sourceTree = "<group>"; };
		6241CE29214A6CBC000D3992 /* BaseTableViewController.m */ = {isa = PBXFileReference; fileEncoding = 4; lastKnownFileType = sourcecode.c.objc; path = BaseTableViewController.m; sourceTree = "<group>"; };
		6241CE2A214A6CBC000D3992 /* BaseCollectionViewController.h */ = {isa = PBXFileReference; fileEncoding = 4; lastKnownFileType = sourcecode.c.h; path = BaseCollectionViewController.h; sourceTree = "<group>"; };
		6241CE2B214A6CBC000D3992 /* BaseTableViewController.h */ = {isa = PBXFileReference; fileEncoding = 4; lastKnownFileType = sourcecode.c.h; path = BaseTableViewController.h; sourceTree = "<group>"; };
		6241CE2C214A6CBC000D3992 /* BaseCollectionViewController.m */ = {isa = PBXFileReference; fileEncoding = 4; lastKnownFileType = sourcecode.c.objc; path = BaseCollectionViewController.m; sourceTree = "<group>"; };
		6241CE2F214A6CBC000D3992 /* DemoCollecitonController.h */ = {isa = PBXFileReference; fileEncoding = 4; lastKnownFileType = sourcecode.c.h; path = DemoCollecitonController.h; sourceTree = "<group>"; };
		6241CE30214A6CBC000D3992 /* DemoCollecitonController.m */ = {isa = PBXFileReference; fileEncoding = 4; lastKnownFileType = sourcecode.c.objc; path = DemoCollecitonController.m; sourceTree = "<group>"; };
		6241CE32214A6CBC000D3992 /* CarouselCollectionController.h */ = {isa = PBXFileReference; fileEncoding = 4; lastKnownFileType = sourcecode.c.h; path = CarouselCollectionController.h; sourceTree = "<group>"; };
		6241CE33214A6CBC000D3992 /* CarouselCollectionController.m */ = {isa = PBXFileReference; fileEncoding = 4; lastKnownFileType = sourcecode.c.objc; path = CarouselCollectionController.m; sourceTree = "<group>"; };
		6241CE35214A6CBC000D3992 /* WaterFallLayout.h */ = {isa = PBXFileReference; fileEncoding = 4; lastKnownFileType = sourcecode.c.h; path = WaterFallLayout.h; sourceTree = "<group>"; };
		6241CE36214A6CBC000D3992 /* WaterFallController.m */ = {isa = PBXFileReference; fileEncoding = 4; lastKnownFileType = sourcecode.c.objc; path = WaterFallController.m; sourceTree = "<group>"; };
		6241CE37214A6CBC000D3992 /* WaterFallLayout.m */ = {isa = PBXFileReference; fileEncoding = 4; lastKnownFileType = sourcecode.c.objc; path = WaterFallLayout.m; sourceTree = "<group>"; };
		6241CE38214A6CBC000D3992 /* WaterFallController.h */ = {isa = PBXFileReference; fileEncoding = 4; lastKnownFileType = sourcecode.c.h; path = WaterFallController.h; sourceTree = "<group>"; };
		6241CE53214A6CD8000D3992 /* DefineHeader.h */ = {isa = PBXFileReference; fileEncoding = 4; lastKnownFileType = sourcecode.c.h; path = DefineHeader.h; sourceTree = "<group>"; };
		6241CE54214A6D19000D3992 /* PrefixHeader.pch */ = {isa = PBXFileReference; fileEncoding = 4; lastKnownFileType = sourcecode.c.h; path = PrefixHeader.pch; sourceTree = "<group>"; };
		62E77CB8214B4C75008B67E2 /* ScaleTranslateController.h */ = {isa = PBXFileReference; lastKnownFileType = sourcecode.c.h; path = ScaleTranslateController.h; sourceTree = "<group>"; };
		62E77CB9214B4C75008B67E2 /* ScaleTranslateController.m */ = {isa = PBXFileReference; lastKnownFileType = sourcecode.c.objc; path = ScaleTranslateController.m; sourceTree = "<group>"; };
		859170D82186E6C700534B0B /* SettingTableController.h */ = {isa = PBXFileReference; lastKnownFileType = sourcecode.c.h; path = SettingTableController.h; sourceTree = "<group>"; };
		859170D92186E6C700534B0B /* SettingTableController.m */ = {isa = PBXFileReference; lastKnownFileType = sourcecode.c.objc; path = SettingTableController.m; sourceTree = "<group>"; };
		859170DB2186E7C800534B0B /* GroupItem.h */ = {isa = PBXFileReference; lastKnownFileType = sourcecode.c.h; path = GroupItem.h; sourceTree = "<group>"; };
		859170DC2186E7C800534B0B /* GroupItem.m */ = {isa = PBXFileReference; lastKnownFileType = sourcecode.c.objc; path = GroupItem.m; sourceTree = "<group>"; };
		859170DE2186E7D200534B0B /* RowItem.h */ = {isa = PBXFileReference; lastKnownFileType = sourcecode.c.h; path = RowItem.h; sourceTree = "<group>"; };
		859170DF2186E7D200534B0B /* RowItem.m */ = {isa = PBXFileReference; lastKnownFileType = sourcecode.c.objc; path = RowItem.m; sourceTree = "<group>"; };
		859170E42186EE2500534B0B /* SettingTableCell.h */ = {isa = PBXFileReference; lastKnownFileType = sourcecode.c.h; path = SettingTableCell.h; sourceTree = "<group>"; };
		859170E52186EE2500534B0B /* SettingTableCell.m */ = {isa = PBXFileReference; lastKnownFileType = sourcecode.c.objc; path = SettingTableCell.m; sourceTree = "<group>"; };
		859170E72186F3EE00534B0B /* BadgeIconView.h */ = {isa = PBXFileReference; lastKnownFileType = sourcecode.c.h; path = BadgeIconView.h; sourceTree = "<group>"; };
		859170E82186F3EE00534B0B /* BadgeIconView.m */ = {isa = PBXFileReference; lastKnownFileType = sourcecode.c.objc; path = BadgeIconView.m; sourceTree = "<group>"; };
		859170EA2186F7B200534B0B /* ArrowRowItem.h */ = {isa = PBXFileReference; lastKnownFileType = sourcecode.c.h; path = ArrowRowItem.h; sourceTree = "<group>"; };
		859170EB2186F7B200534B0B /* ArrowRowItem.m */ = {isa = PBXFileReference; lastKnownFileType = sourcecode.c.objc; path = ArrowRowItem.m; sourceTree = "<group>"; };
		859170ED2186F7DC00534B0B /* SwitchRowItem.h */ = {isa = PBXFileReference; lastKnownFileType = sourcecode.c.h; path = SwitchRowItem.h; sourceTree = "<group>"; };
		859170EE2186F7DC00534B0B /* SwitchRowItem.m */ = {isa = PBXFileReference; lastKnownFileType = sourcecode.c.objc; path = SwitchRowItem.m; sourceTree = "<group>"; };
		859170F32186F95C00534B0B /* SubLabelRowItem.h */ = {isa = PBXFileReference; lastKnownFileType = sourcecode.c.h; path = SubLabelRowItem.h; sourceTree = "<group>"; };
		859170F42186F95C00534B0B /* SubLabelRowItem.m */ = {isa = PBXFileReference; lastKnownFileType = sourcecode.c.objc; path = SubLabelRowItem.m; sourceTree = "<group>"; };
/* End PBXFileReference section */

/* Begin PBXFrameworksBuildPhase section */
		6241CDC6214A6C11000D3992 /* Frameworks */ = {
			isa = PBXFrameworksBuildPhase;
			buildActionMask = 2147483647;
			files = (
			);
			runOnlyForDeploymentPostprocessing = 0;
		};
		6241CDDE214A6C13000D3992 /* Frameworks */ = {
			isa = PBXFrameworksBuildPhase;
			buildActionMask = 2147483647;
			files = (
			);
			runOnlyForDeploymentPostprocessing = 0;
		};
		6241CDE9214A6C13000D3992 /* Frameworks */ = {
			isa = PBXFrameworksBuildPhase;
			buildActionMask = 2147483647;
			files = (
			);
			runOnlyForDeploymentPostprocessing = 0;
		};
/* End PBXFrameworksBuildPhase section */

/* Begin PBXGroup section */
		6241CDC0214A6C11000D3992 = {
			isa = PBXGroup;
			children = (
				6241CDFF214A6C74000D3992 /* Collection小点.m */,
				6241CDFE214A6C74000D3992 /* Table小点.m */,
				6241CDCB214A6C11000D3992 /* ZHScrollView */,
				6241CDE4214A6C13000D3992 /* ZHScrollViewTests */,
				6241CDEF214A6C13000D3992 /* ZHScrollViewUITests */,
				6241CDCA214A6C11000D3992 /* Products */,
			);
			sourceTree = "<group>";
		};
		6241CDCA214A6C11000D3992 /* Products */ = {
			isa = PBXGroup;
			children = (
				6241CDC9214A6C11000D3992 /* ZHScrollView.app */,
				6241CDE1214A6C13000D3992 /* ZHScrollViewTests.xctest */,
				6241CDEC214A6C13000D3992 /* ZHScrollViewUITests.xctest */,
			);
			name = Products;
			sourceTree = "<group>";
		};
		6241CDCB214A6C11000D3992 /* ZHScrollView */ = {
			isa = PBXGroup;
			children = (
				6241CDCC214A6C11000D3992 /* AppDelegate.h */,
				6241CDCD214A6C11000D3992 /* AppDelegate.m */,
				6241CDCF214A6C11000D3992 /* ViewController.h */,
				6241CDD0214A6C11000D3992 /* ViewController.m */,
				6241CE54214A6D19000D3992 /* PrefixHeader.pch */,
				6241CE53214A6CD8000D3992 /* DefineHeader.h */,
				6241CE28214A6CBC000D3992 /* Base */,
				6241CE00214A6CBC000D3992 /* Table */,
				6241CE2D214A6CBC000D3992 /* Collection */,
				6241CDD2214A6C11000D3992 /* Main.storyboard */,
				6241CDD5214A6C13000D3992 /* Assets.xcassets */,
				6241CDD7214A6C13000D3992 /* LaunchScreen.storyboard */,
				6241CDDA214A6C13000D3992 /* Info.plist */,
				6241CDDB214A6C13000D3992 /* main.m */,
			);
			path = ZHScrollView;
			sourceTree = "<group>";
		};
		6241CDE4214A6C13000D3992 /* ZHScrollViewTests */ = {
			isa = PBXGroup;
			children = (
				6241CDE5214A6C13000D3992 /* ZHScrollViewTests.m */,
				6241CDE7214A6C13000D3992 /* Info.plist */,
			);
			path = ZHScrollViewTests;
			sourceTree = "<group>";
		};
		6241CDEF214A6C13000D3992 /* ZHScrollViewUITests */ = {
			isa = PBXGroup;
			children = (
				6241CDF0214A6C13000D3992 /* ZHScrollViewUITests.m */,
				6241CDF2214A6C13000D3992 /* Info.plist */,
			);
			path = ZHScrollViewUITests;
			sourceTree = "<group>";
		};
		6241CE00214A6CBC000D3992 /* Table */ = {
			isa = PBXGroup;
			children = (
				6241CE01214A6CBC000D3992 /* 分组展开合拢 */,
				6241CE06214A6CBC000D3992 /* table联动 */,
				6241CE0F214A6CBC000D3992 /* 下拉顶部图片缩放 */,
				6241CE13214A6CBC000D3992 /* 列表编辑 */,
				6241CE22214A6CBC000D3992 /* 电话区号 */,
				859170D72186E63D00534B0B /* 设置页面 */,
			);
			path = Table;
			sourceTree = "<group>";
		};
		6241CE01214A6CBC000D3992 /* 分组展开合拢 */ = {
			isa = PBXGroup;
			children = (
				6241CE04214A6CBC000D3992 /* FolderTableController.h */,
				6241CE02214A6CBC000D3992 /* FolderTableController.m */,
				6241CE03214A6CBC000D3992 /* FolderItem.h */,
				6241CE05214A6CBC000D3992 /* FolderItem.m */,
			);
			path = "分组展开合拢";
			sourceTree = "<group>";
		};
		6241CE06214A6CBC000D3992 /* table联动 */ = {
			isa = PBXGroup;
			children = (
				6241CE09214A6CBC000D3992 /* MultiTableLinkController.h */,
				6241CE0C214A6CBC000D3992 /* MultiTableLinkController.m */,
				6241CE0B214A6CBC000D3992 /* MultiTableLinkFooterView.h */,
				6241CE07214A6CBC000D3992 /* MultiTableLinkFooterView.m */,
				6241CE0A214A6CBC000D3992 /* MultiCollectionCell.h */,
				6241CE0D214A6CBC000D3992 /* MultiCollectionCell.m */,
				6241CE0E214A6CBC000D3992 /* MultiLinkTableView.h */,
				6241CE08214A6CBC000D3992 /* MultiLinkTableView.m */,
			);
			path = "table联动";
			sourceTree = "<group>";
		};
		6241CE0F214A6CBC000D3992 /* 下拉顶部图片缩放 */ = {
			isa = PBXGroup;
			children = (
				6241CE12214A6CBC000D3992 /* ScaleTopImageController.h */,
				6241CE10214A6CBC000D3992 /* ScaleTopImageController.m */,
				6241CE11214A6CBC000D3992 /* folder.png */,
			);
			path = "下拉顶部图片缩放";
			sourceTree = "<group>";
		};
		6241CE13214A6CBC000D3992 /* 列表编辑 */ = {
			isa = PBXGroup;
			children = (
				6241CE1E214A6CBC000D3992 /* EditTableController.h */,
				6241CE14214A6CBC000D3992 /* EditTableController.m */,
				6241CE1B214A6CBC000D3992 /* EditTableHeaderView.h */,
				6241CE17214A6CBC000D3992 /* EditTableHeaderView.m */,
				6241CE1C214A6CBC000D3992 /* EditBottomView.h */,
				6241CE16214A6CBC000D3992 /* EditBottomView.m */,
				6241CE18214A6CBC000D3992 /* EditTableCell.h */,
				6241CE21214A6CBC000D3992 /* EditTableCell.m */,
				6241CE20214A6CBC000D3992 /* EditItem.h */,
				6241CE19214A6CBC000D3992 /* EditItem.m */,
				6241CE15214A6CBC000D3992 /* QT-012-3@3x.png */,
				6241CE1A214A6CBC000D3992 /* QT-012-3@2x.png */,
				6241CE1D214A6CBC000D3992 /* QT-012-2@3x.png */,
				6241CE1F214A6CBC000D3992 /* QT-012-2@2x.png */,
			);
			path = "列表编辑";
			sourceTree = "<group>";
		};
		6241CE22214A6CBC000D3992 /* 电话区号 */ = {
			isa = PBXGroup;
			children = (
				6241CE23214A6CBC000D3992 /* PhoneCodeController.h */,
				6241CE26214A6CBC000D3992 /* PhoneCodeController.m */,
				6241CE24214A6CBC000D3992 /* PhoneModel.h */,
				6241CE27214A6CBC000D3992 /* PhoneModel.m */,
				6241CE25214A6CBC000D3992 /* phoneCode.json */,
			);
			path = "电话区号";
			sourceTree = "<group>";
		};
		6241CE28214A6CBC000D3992 /* Base */ = {
			isa = PBXGroup;
			children = (
				6241CE2A214A6CBC000D3992 /* BaseCollectionViewController.h */,
				6241CE2C214A6CBC000D3992 /* BaseCollectionViewController.m */,
				6241CE2B214A6CBC000D3992 /* BaseTableViewController.h */,
				6241CE29214A6CBC000D3992 /* BaseTableViewController.m */,
			);
			path = Base;
			sourceTree = "<group>";
		};
		6241CE2D214A6CBC000D3992 /* Collection */ = {
			isa = PBXGroup;
			children = (
				6241CE2E214A6CBC000D3992 /* Collection示例 */,
				6241CE31214A6CBC000D3992 /* 轮播 */,
				6241CE34214A6CBC000D3992 /* 瀑布流 */,
				62E77CB7214B4C14008B67E2 /* 缩放平移 */,
			);
			path = Collection;
			sourceTree = "<group>";
		};
		6241CE2E214A6CBC000D3992 /* Collection示例 */ = {
			isa = PBXGroup;
			children = (
				6241CE2F214A6CBC000D3992 /* DemoCollecitonController.h */,
				6241CE30214A6CBC000D3992 /* DemoCollecitonController.m */,
			);
			path = "Collection示例";
			sourceTree = "<group>";
		};
		6241CE31214A6CBC000D3992 /* 轮播 */ = {
			isa = PBXGroup;
			children = (
				6241CE32214A6CBC000D3992 /* CarouselCollectionController.h */,
				6241CE33214A6CBC000D3992 /* CarouselCollectionController.m */,
			);
			path = "轮播";
			sourceTree = "<group>";
		};
		6241CE34214A6CBC000D3992 /* 瀑布流 */ = {
			isa = PBXGroup;
			children = (
				6241CE38214A6CBC000D3992 /* WaterFallController.h */,
				6241CE36214A6CBC000D3992 /* WaterFallController.m */,
				6241CE35214A6CBC000D3992 /* WaterFallLayout.h */,
				6241CE37214A6CBC000D3992 /* WaterFallLayout.m */,
			);
			path = "瀑布流";
			sourceTree = "<group>";
		};
		62E77CB7214B4C14008B67E2 /* 缩放平移 */ = {
			isa = PBXGroup;
			children = (
				62E77CB8214B4C75008B67E2 /* ScaleTranslateController.h */,
				62E77CB9214B4C75008B67E2 /* ScaleTranslateController.m */,
			);
			path = "缩放平移";
			sourceTree = "<group>";
		};
		859170D72186E63D00534B0B /* 设置页面 */ = {
			isa = PBXGroup;
			children = (
				859170D82186E6C700534B0B /* SettingTableController.h */,
				859170D92186E6C700534B0B /* SettingTableController.m */,
				859170E42186EE2500534B0B /* SettingTableCell.h */,
				859170E52186EE2500534B0B /* SettingTableCell.m */,
				859170E72186F3EE00534B0B /* BadgeIconView.h */,
				859170E82186F3EE00534B0B /* BadgeIconView.m */,
				859170DB2186E7C800534B0B /* GroupItem.h */,
				859170DC2186E7C800534B0B /* GroupItem.m */,
				859170DE2186E7D200534B0B /* RowItem.h */,
				859170DF2186E7D200534B0B /* RowItem.m */,
				859170EA2186F7B200534B0B /* ArrowRowItem.h */,
				859170EB2186F7B200534B0B /* ArrowRowItem.m */,
				859170ED2186F7DC00534B0B /* SwitchRowItem.h */,
				859170EE2186F7DC00534B0B /* SwitchRowItem.m */,
				859170F32186F95C00534B0B /* SubLabelRowItem.h */,
				859170F42186F95C00534B0B /* SubLabelRowItem.m */,
			);
			path = "设置页面";
			sourceTree = "<group>";
		};
/* End PBXGroup section */

/* Begin PBXNativeTarget section */
		6241CDC8214A6C11000D3992 /* ZHScrollView */ = {
			isa = PBXNativeTarget;
			buildConfigurationList = 6241CDF5214A6C13000D3992 /* Build configuration list for PBXNativeTarget "ZHScrollView" */;
			buildPhases = (
				6241CDC5214A6C11000D3992 /* Sources */,
				6241CDC6214A6C11000D3992 /* Frameworks */,
				6241CDC7214A6C11000D3992 /* Resources */,
			);
			buildRules = (
			);
			dependencies = (
			);
			name = ZHScrollView;
			productName = ZHScrollView;
			productReference = 6241CDC9214A6C11000D3992 /* ZHScrollView.app */;
			productType = "com.apple.product-type.application";
		};
		6241CDE0214A6C13000D3992 /* ZHScrollViewTests */ = {
			isa = PBXNativeTarget;
			buildConfigurationList = 6241CDF8214A6C13000D3992 /* Build configuration list for PBXNativeTarget "ZHScrollViewTests" */;
			buildPhases = (
				6241CDDD214A6C13000D3992 /* Sources */,
				6241CDDE214A6C13000D3992 /* Frameworks */,
				6241CDDF214A6C13000D3992 /* Resources */,
			);
			buildRules = (
			);
			dependencies = (
				6241CDE3214A6C13000D3992 /* PBXTargetDependency */,
			);
			name = ZHScrollViewTests;
			productName = ZHScrollViewTests;
			productReference = 6241CDE1214A6C13000D3992 /* ZHScrollViewTests.xctest */;
			productType = "com.apple.product-type.bundle.unit-test";
		};
		6241CDEB214A6C13000D3992 /* ZHScrollViewUITests */ = {
			isa = PBXNativeTarget;
			buildConfigurationList = 6241CDFB214A6C13000D3992 /* Build configuration list for PBXNativeTarget "ZHScrollViewUITests" */;
			buildPhases = (
				6241CDE8214A6C13000D3992 /* Sources */,
				6241CDE9214A6C13000D3992 /* Frameworks */,
				6241CDEA214A6C13000D3992 /* Resources */,
			);
			buildRules = (
			);
			dependencies = (
				6241CDEE214A6C13000D3992 /* PBXTargetDependency */,
			);
			name = ZHScrollViewUITests;
			productName = ZHScrollViewUITests;
			productReference = 6241CDEC214A6C13000D3992 /* ZHScrollViewUITests.xctest */;
			productType = "com.apple.product-type.bundle.ui-testing";
		};
/* End PBXNativeTarget section */

/* Begin PBXProject section */
		6241CDC1214A6C11000D3992 /* Project object */ = {
			isa = PBXProject;
			attributes = {
				LastUpgradeCheck = 0940;
				ORGANIZATIONNAME = EM;
				TargetAttributes = {
					6241CDC8214A6C11000D3992 = {
						CreatedOnToolsVersion = 9.4.1;
					};
					6241CDE0214A6C13000D3992 = {
						CreatedOnToolsVersion = 9.4.1;
						TestTargetID = 6241CDC8214A6C11000D3992;
					};
					6241CDEB214A6C13000D3992 = {
						CreatedOnToolsVersion = 9.4.1;
						TestTargetID = 6241CDC8214A6C11000D3992;
					};
				};
			};
			buildConfigurationList = 6241CDC4214A6C11000D3992 /* Build configuration list for PBXProject "ZHScrollView" */;
			compatibilityVersion = "Xcode 9.3";
			developmentRegion = en;
			hasScannedForEncodings = 0;
			knownRegions = (
				en,
				Base,
			);
			mainGroup = 6241CDC0214A6C11000D3992;
			productRefGroup = 6241CDCA214A6C11000D3992 /* Products */;
			projectDirPath = "";
			projectRoot = "";
			targets = (
				6241CDC8214A6C11000D3992 /* ZHScrollView */,
				6241CDE0214A6C13000D3992 /* ZHScrollViewTests */,
				6241CDEB214A6C13000D3992 /* ZHScrollViewUITests */,
			);
		};
/* End PBXProject section */

/* Begin PBXResourcesBuildPhase section */
		6241CDC7214A6C11000D3992 /* Resources */ = {
			isa = PBXResourcesBuildPhase;
			buildActionMask = 2147483647;
			files = (
				6241CE48214A6CBD000D3992 /* QT-012-2@2x.png in Resources */,
				6241CE47214A6CBD000D3992 /* QT-012-2@3x.png in Resources */,
				6241CDD9214A6C13000D3992 /* LaunchScreen.storyboard in Resources */,
				6241CE4A214A6CBD000D3992 /* phoneCode.json in Resources */,
				6241CE40214A6CBD000D3992 /* folder.png in Resources */,
				6241CDD6214A6C13000D3992 /* Assets.xcassets in Resources */,
				6241CE46214A6CBD000D3992 /* QT-012-3@2x.png in Resources */,
				6241CE42214A6CBD000D3992 /* QT-012-3@3x.png in Resources */,
				6241CDD4214A6C11000D3992 /* Main.storyboard in Resources */,
			);
			runOnlyForDeploymentPostprocessing = 0;
		};
		6241CDDF214A6C13000D3992 /* Resources */ = {
			isa = PBXResourcesBuildPhase;
			buildActionMask = 2147483647;
			files = (
			);
			runOnlyForDeploymentPostprocessing = 0;
		};
		6241CDEA214A6C13000D3992 /* Resources */ = {
			isa = PBXResourcesBuildPhase;
			buildActionMask = 2147483647;
			files = (
			);
			runOnlyForDeploymentPostprocessing = 0;
		};
/* End PBXResourcesBuildPhase section */

/* Begin PBXSourcesBuildPhase section */
		6241CDC5214A6C11000D3992 /* Sources */ = {
			isa = PBXSourcesBuildPhase;
			buildActionMask = 2147483647;
			files = (
				859170E92186F3EE00534B0B /* BadgeIconView.m in Sources */,
				6241CE3C214A6CBD000D3992 /* MultiLinkTableView.m in Sources */,
				6241CDD1214A6C11000D3992 /* ViewController.m in Sources */,
				859170EF2186F7DC00534B0B /* SwitchRowItem.m in Sources */,
				859170E62186EE2500534B0B /* SettingTableCell.m in Sources */,
				6241CE51214A6CBD000D3992 /* WaterFallController.m in Sources */,
				6241CE3F214A6CBD000D3992 /* ScaleTopImageController.m in Sources */,
				6241CE44214A6CBD000D3992 /* EditTableHeaderView.m in Sources */,
				6241CE4C214A6CBD000D3992 /* PhoneModel.m in Sources */,
				6241CE3D214A6CBD000D3992 /* MultiTableLinkController.m in Sources */,
				6241CDDC214A6C13000D3992 /* main.m in Sources */,
				6241CE43214A6CBD000D3992 /* EditBottomView.m in Sources */,
				6241CE41214A6CBD000D3992 /* EditTableController.m in Sources */,
				6241CE3E214A6CBD000D3992 /* MultiCollectionCell.m in Sources */,
				6241CE4D214A6CBD000D3992 /* BaseTableViewController.m in Sources */,
				6241CE4B214A6CBD000D3992 /* PhoneCodeController.m in Sources */,
				859170F52186F95C00534B0B /* SubLabelRowItem.m in Sources */,
				6241CE50214A6CBD000D3992 /* CarouselCollectionController.m in Sources */,
				859170DD2186E7C800534B0B /* GroupItem.m in Sources */,
				6241CE3B214A6CBD000D3992 /* MultiTableLinkFooterView.m in Sources */,
				62E77CBA214B4C76008B67E2 /* ScaleTranslateController.m in Sources */,
				6241CE3A214A6CBD000D3992 /* FolderItem.m in Sources */,
				6241CE39214A6CBD000D3992 /* FolderTableController.m in Sources */,
				859170E02186E7D200534B0B /* RowItem.m in Sources */,
				859170DA2186E6C700534B0B /* SettingTableController.m in Sources */,
				6241CE49214A6CBD000D3992 /* EditTableCell.m in Sources */,
				6241CE52214A6CBD000D3992 /* WaterFallLayout.m in Sources */,
				6241CE45214A6CBD000D3992 /* EditItem.m in Sources */,
				6241CDCE214A6C11000D3992 /* AppDelegate.m in Sources */,
				859170EC2186F7B200534B0B /* ArrowRowItem.m in Sources */,
				6241CE4F214A6CBD000D3992 /* DemoCollecitonController.m in Sources */,
				6241CE4E214A6CBD000D3992 /* BaseCollectionViewController.m in Sources */,
			);
			runOnlyForDeploymentPostprocessing = 0;
		};
		6241CDDD214A6C13000D3992 /* Sources */ = {
			isa = PBXSourcesBuildPhase;
			buildActionMask = 2147483647;
			files = (
				6241CDE6214A6C13000D3992 /* ZHScrollViewTests.m in Sources */,
			);
			runOnlyForDeploymentPostprocessing = 0;
		};
		6241CDE8214A6C13000D3992 /* Sources */ = {
			isa = PBXSourcesBuildPhase;
			buildActionMask = 2147483647;
			files = (
				6241CDF1214A6C13000D3992 /* ZHScrollViewUITests.m in Sources */,
			);
			runOnlyForDeploymentPostprocessing = 0;
		};
/* End PBXSourcesBuildPhase section */

/* Begin PBXTargetDependency section */
		6241CDE3214A6C13000D3992 /* PBXTargetDependency */ = {
			isa = PBXTargetDependency;
			target = 6241CDC8214A6C11000D3992 /* ZHScrollView */;
			targetProxy = 6241CDE2214A6C13000D3992 /* PBXContainerItemProxy */;
		};
		6241CDEE214A6C13000D3992 /* PBXTargetDependency */ = {
			isa = PBXTargetDependency;
			target = 6241CDC8214A6C11000D3992 /* ZHScrollView */;
			targetProxy = 6241CDED214A6C13000D3992 /* PBXContainerItemProxy */;
		};
/* End PBXTargetDependency section */

/* Begin PBXVariantGroup section */
		6241CDD2214A6C11000D3992 /* Main.storyboard */ = {
			isa = PBXVariantGroup;
			children = (
				6241CDD3214A6C11000D3992 /* Base */,
			);
			name = Main.storyboard;
			sourceTree = "<group>";
		};
		6241CDD7214A6C13000D3992 /* LaunchScreen.storyboard */ = {
			isa = PBXVariantGroup;
			children = (
				6241CDD8214A6C13000D3992 /* Base */,
			);
			name = LaunchScreen.storyboard;
			sourceTree = "<group>";
		};
/* End PBXVariantGroup section */

/* Begin XCBuildConfiguration section */
		6241CDF3214A6C13000D3992 /* Debug */ = {
			isa = XCBuildConfiguration;
			buildSettings = {
				ALWAYS_SEARCH_USER_PATHS = NO;
				CLANG_ANALYZER_NONNULL = YES;
				CLANG_ANALYZER_NUMBER_OBJECT_CONVERSION = YES_AGGRESSIVE;
				CLANG_CXX_LANGUAGE_STANDARD = "gnu++14";
				CLANG_CXX_LIBRARY = "libc++";
				CLANG_ENABLE_MODULES = YES;
				CLANG_ENABLE_OBJC_ARC = YES;
				CLANG_ENABLE_OBJC_WEAK = YES;
				CLANG_WARN_BLOCK_CAPTURE_AUTORELEASING = YES;
				CLANG_WARN_BOOL_CONVERSION = YES;
				CLANG_WARN_COMMA = YES;
				CLANG_WARN_CONSTANT_CONVERSION = YES;
				CLANG_WARN_DEPRECATED_OBJC_IMPLEMENTATIONS = YES;
				CLANG_WARN_DIRECT_OBJC_ISA_USAGE = YES_ERROR;
				CLANG_WARN_DOCUMENTATION_COMMENTS = YES;
				CLANG_WARN_EMPTY_BODY = YES;
				CLANG_WARN_ENUM_CONVERSION = YES;
				CLANG_WARN_INFINITE_RECURSION = YES;
				CLANG_WARN_INT_CONVERSION = YES;
				CLANG_WARN_NON_LITERAL_NULL_CONVERSION = YES;
				CLANG_WARN_OBJC_IMPLICIT_RETAIN_SELF = YES;
				CLANG_WARN_OBJC_LITERAL_CONVERSION = YES;
				CLANG_WARN_OBJC_ROOT_CLASS = YES_ERROR;
				CLANG_WARN_RANGE_LOOP_ANALYSIS = YES;
				CLANG_WARN_STRICT_PROTOTYPES = YES;
				CLANG_WARN_SUSPICIOUS_MOVE = YES;
				CLANG_WARN_UNGUARDED_AVAILABILITY = YES_AGGRESSIVE;
				CLANG_WARN_UNREACHABLE_CODE = YES;
				CLANG_WARN__DUPLICATE_METHOD_MATCH = YES;
				CODE_SIGN_IDENTITY = "iPhone Developer";
				COPY_PHASE_STRIP = NO;
				DEBUG_INFORMATION_FORMAT = dwarf;
				ENABLE_STRICT_OBJC_MSGSEND = YES;
				ENABLE_TESTABILITY = YES;
				GCC_C_LANGUAGE_STANDARD = gnu11;
				GCC_DYNAMIC_NO_PIC = NO;
				GCC_NO_COMMON_BLOCKS = YES;
				GCC_OPTIMIZATION_LEVEL = 0;
				GCC_PREPROCESSOR_DEFINITIONS = (
					"DEBUG=1",
					"$(inherited)",
				);
				GCC_WARN_64_TO_32_BIT_CONVERSION = YES;
				GCC_WARN_ABOUT_RETURN_TYPE = YES_ERROR;
				GCC_WARN_UNDECLARED_SELECTOR = YES;
				GCC_WARN_UNINITIALIZED_AUTOS = YES_AGGRESSIVE;
				GCC_WARN_UNUSED_FUNCTION = YES;
				GCC_WARN_UNUSED_VARIABLE = YES;
				IPHONEOS_DEPLOYMENT_TARGET = 11.4;
				MTL_ENABLE_DEBUG_INFO = YES;
				ONLY_ACTIVE_ARCH = YES;
				SDKROOT = iphoneos;
			};
			name = Debug;
		};
		6241CDF4214A6C13000D3992 /* Release */ = {
			isa = XCBuildConfiguration;
			buildSettings = {
				ALWAYS_SEARCH_USER_PATHS = NO;
				CLANG_ANALYZER_NONNULL = YES;
				CLANG_ANALYZER_NUMBER_OBJECT_CONVERSION = YES_AGGRESSIVE;
				CLANG_CXX_LANGUAGE_STANDARD = "gnu++14";
				CLANG_CXX_LIBRARY = "libc++";
				CLANG_ENABLE_MODULES = YES;
				CLANG_ENABLE_OBJC_ARC = YES;
				CLANG_ENABLE_OBJC_WEAK = YES;
				CLANG_WARN_BLOCK_CAPTURE_AUTORELEASING = YES;
				CLANG_WARN_BOOL_CONVERSION = YES;
				CLANG_WARN_COMMA = YES;
				CLANG_WARN_CONSTANT_CONVERSION = YES;
				CLANG_WARN_DEPRECATED_OBJC_IMPLEMENTATIONS = YES;
				CLANG_WARN_DIRECT_OBJC_ISA_USAGE = YES_ERROR;
				CLANG_WARN_DOCUMENTATION_COMMENTS = YES;
				CLANG_WARN_EMPTY_BODY = YES;
				CLANG_WARN_ENUM_CONVERSION = YES;
				CLANG_WARN_INFINITE_RECURSION = YES;
				CLANG_WARN_INT_CONVERSION = YES;
				CLANG_WARN_NON_LITERAL_NULL_CONVERSION = YES;
				CLANG_WARN_OBJC_IMPLICIT_RETAIN_SELF = YES;
				CLANG_WARN_OBJC_LITERAL_CONVERSION = YES;
				CLANG_WARN_OBJC_ROOT_CLASS = YES_ERROR;
				CLANG_WARN_RANGE_LOOP_ANALYSIS = YES;
				CLANG_WARN_STRICT_PROTOTYPES = YES;
				CLANG_WARN_SUSPICIOUS_MOVE = YES;
				CLANG_WARN_UNGUARDED_AVAILABILITY = YES_AGGRESSIVE;
				CLANG_WARN_UNREACHABLE_CODE = YES;
				CLANG_WARN__DUPLICATE_METHOD_MATCH = YES;
				CODE_SIGN_IDENTITY = "iPhone Developer";
				COPY_PHASE_STRIP = NO;
				DEBUG_INFORMATION_FORMAT = "dwarf-with-dsym";
				ENABLE_NS_ASSERTIONS = NO;
				ENABLE_STRICT_OBJC_MSGSEND = YES;
				GCC_C_LANGUAGE_STANDARD = gnu11;
				GCC_NO_COMMON_BLOCKS = YES;
				GCC_WARN_64_TO_32_BIT_CONVERSION = YES;
				GCC_WARN_ABOUT_RETURN_TYPE = YES_ERROR;
				GCC_WARN_UNDECLARED_SELECTOR = YES;
				GCC_WARN_UNINITIALIZED_AUTOS = YES_AGGRESSIVE;
				GCC_WARN_UNUSED_FUNCTION = YES;
				GCC_WARN_UNUSED_VARIABLE = YES;
				IPHONEOS_DEPLOYMENT_TARGET = 11.4;
				MTL_ENABLE_DEBUG_INFO = NO;
				SDKROOT = iphoneos;
				VALIDATE_PRODUCT = YES;
			};
			name = Release;
		};
		6241CDF6214A6C13000D3992 /* Debug */ = {
			isa = XCBuildConfiguration;
			buildSettings = {
				ASSETCATALOG_COMPILER_APPICON_NAME = AppIcon;
				CODE_SIGN_STYLE = Automatic;
				GCC_PREFIX_HEADER = "$(SRCROOT)/ZHScrollView/PrefixHeader.pch";
				INFOPLIST_FILE = ZHScrollView/Info.plist;
				LD_RUNPATH_SEARCH_PATHS = (
					"$(inherited)",
					"@executable_path/Frameworks",
				);
				PRODUCT_BUNDLE_IDENTIFIER = EM.ZHScrollView;
				PRODUCT_NAME = "$(TARGET_NAME)";
				TARGETED_DEVICE_FAMILY = "1,2";
			};
			name = Debug;
		};
		6241CDF7214A6C13000D3992 /* Release */ = {
			isa = XCBuildConfiguration;
			buildSettings = {
				ASSETCATALOG_COMPILER_APPICON_NAME = AppIcon;
				CODE_SIGN_STYLE = Automatic;
				GCC_PREFIX_HEADER = "$(SRCROOT)/ZHScrollView/PrefixHeader.pch";
				INFOPLIST_FILE = ZHScrollView/Info.plist;
				LD_RUNPATH_SEARCH_PATHS = (
					"$(inherited)",
					"@executable_path/Frameworks",
				);
				PRODUCT_BUNDLE_IDENTIFIER = EM.ZHScrollView;
				PRODUCT_NAME = "$(TARGET_NAME)";
				TARGETED_DEVICE_FAMILY = "1,2";
			};
			name = Release;
		};
		6241CDF9214A6C13000D3992 /* Debug */ = {
			isa = XCBuildConfiguration;
			buildSettings = {
				BUNDLE_LOADER = "$(TEST_HOST)";
				CODE_SIGN_STYLE = Automatic;
				INFOPLIST_FILE = ZHScrollViewTests/Info.plist;
				LD_RUNPATH_SEARCH_PATHS = (
					"$(inherited)",
					"@executable_path/Frameworks",
					"@loader_path/Frameworks",
				);
				PRODUCT_BUNDLE_IDENTIFIER = EM.ZHScrollViewTests;
				PRODUCT_NAME = "$(TARGET_NAME)";
				TARGETED_DEVICE_FAMILY = "1,2";
				TEST_HOST = "$(BUILT_PRODUCTS_DIR)/ZHScrollView.app/ZHScrollView";
			};
			name = Debug;
		};
		6241CDFA214A6C13000D3992 /* Release */ = {
			isa = XCBuildConfiguration;
			buildSettings = {
				BUNDLE_LOADER = "$(TEST_HOST)";
				CODE_SIGN_STYLE = Automatic;
				INFOPLIST_FILE = ZHScrollViewTests/Info.plist;
				LD_RUNPATH_SEARCH_PATHS = (
					"$(inherited)",
					"@executable_path/Frameworks",
					"@loader_path/Frameworks",
				);
				PRODUCT_BUNDLE_IDENTIFIER = EM.ZHScrollViewTests;
				PRODUCT_NAME = "$(TARGET_NAME)";
				TARGETED_DEVICE_FAMILY = "1,2";
				TEST_HOST = "$(BUILT_PRODUCTS_DIR)/ZHScrollView.app/ZHScrollView";
			};
			name = Release;
		};
		6241CDFC214A6C13000D3992 /* Debug */ = {
			isa = XCBuildConfiguration;
			buildSettings = {
				CODE_SIGN_STYLE = Automatic;
				INFOPLIST_FILE = ZHScrollViewUITests/Info.plist;
				LD_RUNPATH_SEARCH_PATHS = (
					"$(inherited)",
					"@executable_path/Frameworks",
					"@loader_path/Frameworks",
				);
				PRODUCT_BUNDLE_IDENTIFIER = EM.ZHScrollViewUITests;
				PRODUCT_NAME = "$(TARGET_NAME)";
				TARGETED_DEVICE_FAMILY = "1,2";
				TEST_TARGET_NAME = ZHScrollView;
			};
			name = Debug;
		};
		6241CDFD214A6C13000D3992 /* Release */ = {
			isa = XCBuildConfiguration;
			buildSettings = {
				CODE_SIGN_STYLE = Automatic;
				INFOPLIST_FILE = ZHScrollViewUITests/Info.plist;
				LD_RUNPATH_SEARCH_PATHS = (
					"$(inherited)",
					"@executable_path/Frameworks",
					"@loader_path/Frameworks",
				);
				PRODUCT_BUNDLE_IDENTIFIER = EM.ZHScrollViewUITests;
				PRODUCT_NAME = "$(TARGET_NAME)";
				TARGETED_DEVICE_FAMILY = "1,2";
				TEST_TARGET_NAME = ZHScrollView;
			};
			name = Release;
		};
/* End XCBuildConfiguration section */

/* Begin XCConfigurationList section */
		6241CDC4214A6C11000D3992 /* Build configuration list for PBXProject "ZHScrollView" */ = {
			isa = XCConfigurationList;
			buildConfigurations = (
				6241CDF3214A6C13000D3992 /* Debug */,
				6241CDF4214A6C13000D3992 /* Release */,
			);
			defaultConfigurationIsVisible = 0;
			defaultConfigurationName = Release;
		};
		6241CDF5214A6C13000D3992 /* Build configuration list for PBXNativeTarget "ZHScrollView" */ = {
			isa = XCConfigurationList;
			buildConfigurations = (
				6241CDF6214A6C13000D3992 /* Debug */,
				6241CDF7214A6C13000D3992 /* Release */,
			);
			defaultConfigurationIsVisible = 0;
			defaultConfigurationName = Release;
		};
		6241CDF8214A6C13000D3992 /* Build configuration list for PBXNativeTarget "ZHScrollViewTests" */ = {
			isa = XCConfigurationList;
			buildConfigurations = (
				6241CDF9214A6C13000D3992 /* Debug */,
				6241CDFA214A6C13000D3992 /* Release */,
			);
			defaultConfigurationIsVisible = 0;
			defaultConfigurationName = Release;
		};
		6241CDFB214A6C13000D3992 /* Build configuration list for PBXNativeTarget "ZHScrollViewUITests" */ = {
			isa = XCConfigurationList;
			buildConfigurations = (
				6241CDFC214A6C13000D3992 /* Debug */,
				6241CDFD214A6C13000D3992 /* Release */,
			);
			defaultConfigurationIsVisible = 0;
			defaultConfigurationName = Release;
		};
/* End XCConfigurationList section */
	};
	rootObject = 6241CDC1214A6C11000D3992 /* Project object */;
}
